
Microsoft Visual Studio Solution File, Format Version 12.00
# Visual Studio 15
VisualStudioVersion = 15.0.26124.0
MinimumVisualStudioVersion = 15.0.26124.0
Project("{FAE04EC0-301F-11D3-BF4B-00C04F79EFBC}") = "SpotifyCloneAPI", "SpotifyCloneAPI\SpotifyCloneAPI.csproj", "{80CE4BC3-5BBC-4084-A744-FD31D393D45B}"
EndProject
Project("{FAE04EC0-301F-11D3-BF4B-00C04F79EFBC}") = "BusinessLogic", "BusinessLogic\BusinessLogic.csproj", "{7ABEFB3C-16A8-4A44-A922-F6C67B56F737}"
EndProject
Project("{FAE04EC0-301F-11D3-BF4B-00C04F79EFBC}") = "DataAccess", "DataAccess\DataAccess.csproj", "{5A6DCF72-176C-4187-A441-0F731A0765D7}"
EndProject
Project("{FAE04EC0-301F-11D3-BF4B-00C04F79EFBC}") = "Domain", "Domain\Domain.csproj", "{C45AC174-C428-437A-B79E-7E8B1B680702}"
EndProject
Global
	GlobalSection(SolutionConfigurationPlatforms) = preSolution
		Debug|Any CPU = Debug|Any CPU
		Debug|x64 = Debug|x64
		Debug|x86 = Debug|x86
		Release|Any CPU = Release|Any CPU
		Release|x64 = Release|x64
		Release|x86 = Release|x86
	EndGlobalSection
	GlobalSection(SolutionProperties) = preSolution
		HideSolutionNode = FALSE
	EndGlobalSection
	GlobalSection(ProjectConfigurationPlatforms) = postSolution
		{B198A255-067B-4627-95DA-A13CB66F701A}.Debug|Any CPU.ActiveCfg = Debug|Any CPU
		{B198A255-067B-4627-95DA-A13CB66F701A}.Debug|Any CPU.Build.0 = Debug|Any CPU
		{B198A255-067B-4627-95DA-A13CB66F701A}.Debug|x64.ActiveCfg = Debug|Any CPU
		{B198A255-067B-4627-95DA-A13CB66F701A}.Debug|x64.Build.0 = Debug|Any CPU
		{B198A255-067B-4627-95DA-A13CB66F701A}.Debug|x86.ActiveCfg = Debug|Any CPU
		{B198A255-067B-4627-95DA-A13CB66F701A}.Debug|x86.Build.0 = Debug|Any CPU
		{B198A255-067B-4627-95DA-A13CB66F701A}.Release|Any CPU.ActiveCfg = Release|Any CPU
		{B198A255-067B-4627-95DA-A13CB66F701A}.Release|Any CPU.Build.0 = Release|Any CPU
		{B198A255-067B-4627-95DA-A13CB66F701A}.Release|x64.ActiveCfg = Release|Any CPU
		{B198A255-067B-4627-95DA-A13CB66F701A}.Release|x64.Build.0 = Release|Any CPU
		{B198A255-067B-4627-95DA-A13CB66F701A}.Release|x86.ActiveCfg = Release|Any CPU
		{B198A255-067B-4627-95DA-A13CB66F701A}.Release|x86.Build.0 = Release|Any CPU
		{80CE4BC3-5BBC-4084-A744-FD31D393D45B}.Debug|Any CPU.ActiveCfg = Debug|Any CPU
		{80CE4BC3-5BBC-4084-A744-FD31D393D45B}.Debug|Any CPU.Build.0 = Debug|Any CPU
		{80CE4BC3-5BBC-4084-A744-FD31D393D45B}.Debug|x64.ActiveCfg = Debug|Any CPU
		{80CE4BC3-5BBC-4084-A744-FD31D393D45B}.Debug|x64.Build.0 = Debug|Any CPU
		{80CE4BC3-5BBC-4084-A744-FD31D393D45B}.Debug|x86.ActiveCfg = Debug|Any CPU
		{80CE4BC3-5BBC-4084-A744-FD31D393D45B}.Debug|x86.Build.0 = Debug|Any CPU
		{80CE4BC3-5BBC-4084-A744-FD31D393D45B}.Release|Any CPU.ActiveCfg = Release|Any CPU
		{80CE4BC3-5BBC-4084-A744-FD31D393D45B}.Release|Any CPU.Build.0 = Release|Any CPU
		{80CE4BC3-5BBC-4084-A744-FD31D393D45B}.Release|x64.ActiveCfg = Release|Any CPU
		{80CE4BC3-5BBC-4084-A744-FD31D393D45B}.Release|x64.Build.0 = Release|Any CPU
		{80CE4BC3-5BBC-4084-A744-FD31D393D45B}.Release|x86.ActiveCfg = Release|Any CPU
		{80CE4BC3-5BBC-4084-A744-FD31D393D45B}.Release|x86.Build.0 = Release|Any CPU
		{7ABEFB3C-16A8-4A44-A922-F6C67B56F737}.Debug|Any CPU.ActiveCfg = Debug|Any CPU
		{7ABEFB3C-16A8-4A44-A922-F6C67B56F737}.Debug|Any CPU.Build.0 = Debug|Any CPU
		{7ABEFB3C-16A8-4A44-A922-F6C67B56F737}.Debug|x64.ActiveCfg = Debug|Any CPU
		{7ABEFB3C-16A8-4A44-A922-F6C67B56F737}.Debug|x64.Build.0 = Debug|Any CPU
		{7ABEFB3C-16A8-4A44-A922-F6C67B56F737}.Debug|x86.ActiveCfg = Debug|Any CPU
		{7ABEFB3C-16A8-4A44-A922-F6C67B56F737}.Debug|x86.Build.0 = Debug|Any CPU
		{7ABEFB3C-16A8-4A44-A922-F6C67B56F737}.Release|Any CPU.ActiveCfg = Release|Any CPU
		{7ABEFB3C-16A8-4A44-A922-F6C67B56F737}.Release|Any CPU.Build.0 = Release|Any CPU
		{7ABEFB3C-16A8-4A44-A922-F6C67B56F737}.Release|x64.ActiveCfg = Release|Any CPU
		{7ABEFB3C-16A8-4A44-A922-F6C67B56F737}.Release|x64.Build.0 = Release|Any CPU
		{7ABEFB3C-16A8-4A44-A922-F6C67B56F737}.Release|x86.ActiveCfg = Release|Any CPU
		{7ABEFB3C-16A8-4A44-A922-F6C67B56F737}.Release|x86.Build.0 = Release|Any CPU
		{5A6DCF72-176C-4187-A441-0F731A0765D7}.Debug|Any CPU.ActiveCfg = Debug|Any CPU
		{5A6DCF72-176C-4187-A441-0F731A0765D7}.Debug|Any CPU.Build.0 = Debug|Any CPU
		{5A6DCF72-176C-4187-A441-0F731A0765D7}.Debug|x64.ActiveCfg = Debug|Any CPU
		{5A6DCF72-176C-4187-A441-0F731A0765D7}.Debug|x64.Build.0 = Debug|Any CPU
		{5A6DCF72-176C-4187-A441-0F731A0765D7}.Debug|x86.ActiveCfg = Debug|Any CPU
		{5A6DCF72-176C-4187-A441-0F731A0765D7}.Debug|x86.Build.0 = Debug|Any CPU
		{5A6DCF72-176C-4187-A441-0F731A0765D7}.Release|Any CPU.ActiveCfg = Release|Any CPU
		{5A6DCF72-176C-4187-A441-0F731A0765D7}.Release|Any CPU.Build.0 = Release|Any CPU
		{5A6DCF72-176C-4187-A441-0F731A0765D7}.Release|x64.ActiveCfg = Release|Any CPU
		{5A6DCF72-176C-4187-A441-0F731A0765D7}.Release|x64.Build.0 = Release|Any CPU
		{5A6DCF72-176C-4187-A441-0F731A0765D7}.Release|x86.ActiveCfg = Release|Any CPU
		{5A6DCF72-176C-4187-A441-0F731A0765D7}.Release|x86.Build.0 = Release|Any CPU
		{C45AC174-C428-437A-B79E-7E8B1B680702}.Debug|Any CPU.ActiveCfg = Debug|Any CPU
		{C45AC174-C428-437A-B79E-7E8B1B680702}.Debug|Any CPU.Build.0 = Debug|Any CPU
		{C45AC174-C428-437A-B79E-7E8B1B680702}.Debug|x64.ActiveCfg = Debug|Any CPU
		{C45AC174-C428-437A-B79E-7E8B1B680702}.Debug|x64.Build.0 = Debug|Any CPU
		{C45AC174-C428-437A-B79E-7E8B1B680702}.Debug|x86.ActiveCfg = Debug|Any CPU
		{C45AC174-C428-437A-B79E-7E8B1B680702}.Debug|x86.Build.0 = Debug|Any CPU
		{C45AC174-C428-437A-B79E-7E8B1B680702}.Release|Any CPU.ActiveCfg = Release|Any CPU
		{C45AC174-C428-437A-B79E-7E8B1B680702}.Release|Any CPU.Build.0 = Release|Any CPU
		{C45AC174-C428-437A-B79E-7E8B1B680702}.Release|x64.ActiveCfg = Release|Any CPU
		{C45AC174-C428-437A-B79E-7E8B1B680702}.Release|x64.Build.0 = Release|Any CPU
		{C45AC174-C428-437A-B79E-7E8B1B680702}.Release|x86.ActiveCfg = Release|Any CPU
		{C45AC174-C428-437A-B79E-7E8B1B680702}.Release|x86.Build.0 = Release|Any CPU
	EndGlobalSection
EndGlobal
